
Microsoft Visual Studio Solution File, Format Version 12.00
# Visual Studio Version 16
VisualStudioVersion = 16.0.34601.136
MinimumVisualStudioVersion = 10.0.40219.1
Project("{FAE04EC0-301F-11D3-BF4B-00C04F79EFBC}") = "AutoBackup", "AutoBackup\AutoBackup.csproj", "{EE82E87F-B3A2-4765-A5A0-58A2C24164B0}"
EndProject
Global
	GlobalSection(SolutionConfigurationPlatforms) = preSolution
		Debug|Any CPU = Debug|Any CPU
		Release|Any CPU = Release|Any CPU
	EndGlobalSection
	GlobalSection(ProjectConfigurationPlatforms) = postSolution
		{EE82E87F-B3A2-4765-A5A0-58A2C24164B0}.Debug|Any CPU.ActiveCfg = Debug|Any CPU
		{EE82E87F-B3A2-4765-A5A0-58A2C24164B0}.Debug|Any CPU.Build.0 = Debug|Any CPU
		{EE82E87F-B3A2-4765-A5A0-58A2C24164B0}.Release|Any CPU.ActiveCfg = Release|Any CPU
		{EE82E87F-B3A2-4765-A5A0-58A2C24164B0}.Release|Any CPU.Build.0 = Release|Any CPU
	EndGlobalSection
	GlobalSection(SolutionProperties) = preSolution
		HideSolutionNode = FALSE
	EndGlobalSection
	GlobalSection(ExtensibilityGlobals) = postSolution
		SolutionGuid = {42AE43B1-3D97-4F95-82F8-75308AC173C7}
	EndGlobalSection
EndGlobal
